
Microsoft Visual Studio Solution File, Format Version 12.00
# Visual Studio 15
VisualStudioVersion = 15.0.28307.539
MinimumVisualStudioVersion = 10.0.40219.1
Project("{9A19103F-16F7-4668-BE54-9A1E7A4F7556}") = "MCApi", "MCApi\MCApi.csproj", "{66485772-0127-4D83-83D6-884DDFA21D00}"
EndProject
Project("{FAE04EC0-301F-11D3-BF4B-00C04F79EFBC}") = "LauncherGenerator", "LauncherGenerator\LauncherGenerator.csproj", "{E7207FFB-5184-405F-AFA9-96FF02324D7C}"
EndProject
Global
	GlobalSection(SolutionConfigurationPlatforms) = preSolution
		Debug|Any CPU = Debug|Any CPU
		Release|Any CPU = Release|Any CPU
	EndGlobalSection
	GlobalSection(ProjectConfigurationPlatforms) = postSolution
		{66485772-0127-4D83-83D6-884DDFA21D00}.Debug|Any CPU.ActiveCfg = Debug|Any CPU
		{66485772-0127-4D83-83D6-884DDFA21D00}.Debug|Any CPU.Build.0 = Debug|Any CPU
		{66485772-0127-4D83-83D6-884DDFA21D00}.Release|Any CPU.ActiveCfg = Release|Any CPU
		{66485772-0127-4D83-83D6-884DDFA21D00}.Release|Any CPU.Build.0 = Release|Any CPU
		{E7207FFB-5184-405F-AFA9-96FF02324D7C}.Debug|Any CPU.ActiveCfg = Debug|Any CPU
		{E7207FFB-5184-405F-AFA9-96FF02324D7C}.Debug|Any CPU.Build.0 = Debug|Any CPU
		{E7207FFB-5184-405F-AFA9-96FF02324D7C}.Release|Any CPU.ActiveCfg = Release|Any CPU
		{E7207FFB-5184-405F-AFA9-96FF02324D7C}.Release|Any CPU.Build.0 = Release|Any CPU
	EndGlobalSection
	GlobalSection(SolutionProperties) = preSolution
		HideSolutionNode = FALSE
	EndGlobalSection
	GlobalSection(ExtensibilityGlobals) = postSolution
		SolutionGuid = {8E08AB56-22AA-4C39-9D16-7C790E2E540C}
	EndGlobalSection
EndGlobal
